// !$*UTF8*$!
{
	archiveVersion = 1;
	classes = {
	};
	objectVersion = 77;
	objects = {

/* Begin PBXBuildFile section */
		0B6E69BA2D19388F009C4696 /* Preview Assets.xcassets in Resources */ = {isa = PBXBuildFile; fileRef = 0B6E69B42D19388F009C4696 /* Preview Assets.xcassets */; };
		0B6E69BB2D19388F009C4696 /* Assets.xcassets in Resources */ = {isa = PBXBuildFile; fileRef = 0B6E69B62D19388F009C4696 /* Assets.xcassets */; };
		0B6E69BC2D19388F009C4696 /* ContentView.swift in Sources */ = {isa = PBXBuildFile; fileRef = 0B6E69B72D19388F009C4696 /* ContentView.swift */; };
		0B6E69BD2D19388F009C4696 /* YoungFitApp.swift in Sources */ = {isa = PBXBuildFile; fileRef = 0B6E69B82D19388F009C4696 /* YoungFitApp.swift */; };
		0B6E69C22D1938AA009C4696 /* Model.swift in Sources */ = {isa = PBXBuildFile; fileRef = 0B6E69C12D1938AA009C4696 /* Model.swift */; };
		0B6E69C42D193907009C4696 /* Sample.swift in Sources */ = {isa = PBXBuildFile; fileRef = 0B6E69C32D193907009C4696 /* Sample.swift */; };
		0B6E69C62D193A29009C4696 /* AlbumRow.swift in Sources */ = {isa = PBXBuildFile; fileRef = 0B6E69C52D193A29009C4696 /* AlbumRow.swift */; };
		0B6E69C82D193C11009C4696 /* AlbumListView.swift in Sources */ = {isa = PBXBuildFile; fileRef = 0B6E69C72D193C11009C4696 /* AlbumListView.swift */; };
		0B6E69CA2D193ED3009C4696 /* SentenceListView.swift in Sources */ = {isa = PBXBuildFile; fileRef = 0B6E69C92D193ED3009C4696 /* SentenceListView.swift */; };
		0B6E69CC2D193EDA009C4696 /* SentenceRow.swift in Sources */ = {isa = PBXBuildFile; fileRef = 0B6E69CB2D193EDA009C4696 /* SentenceRow.swift */; };
		0B6E69D12D194692009C4696 /* Alamofire in Frameworks */ = {isa = PBXBuildFile; productRef = 0B6E69D02D194692009C4696 /* Alamofire */; };
		0B6E69D32D194D55009C4696 /* AudioPlayerManager.swift in Sources */ = {isa = PBXBuildFile; fileRef = 0B6E69D22D194D55009C4696 /* AudioPlayerManager.swift */; };
		0B6E69D62D194FB7009C4696 /* CardView.swift in Sources */ = {isa = PBXBuildFile; fileRef = 0B6E69D52D194FB7009C4696 /* CardView.swift */; };
		0B6E69D82D1953B5009C4696 /* CardButton.swift in Sources */ = {isa = PBXBuildFile; fileRef = 0B6E69D72D1953B5009C4696 /* CardButton.swift */; };
		0B6E69DA2D195ABF009C4696 /* SentenceCardView.swift in Sources */ = {isa = PBXBuildFile; fileRef = 0B6E69D92D195ABF009C4696 /* SentenceCardView.swift */; };
		0B6E69DC2D196252009C4696 /* ViewModel.swift in Sources */ = {isa = PBXBuildFile; fileRef = 0B6E69DB2D196252009C4696 /* ViewModel.swift */; };
		0B6E69DE2D1962C9009C4696 /* Config.xcconfig in Resources */ = {isa = PBXBuildFile; fileRef = 0B6E69DD2D1962C9009C4696 /* Config.xcconfig */; };
		0B6E69E22D19751E009C4696 /* QuestionCard.swift in Sources */ = {isa = PBXBuildFile; fileRef = 0B6E69E12D19751E009C4696 /* QuestionCard.swift */; };
		0B6E69E42D1986A0009C4696 /* QuestionView.swift in Sources */ = {isa = PBXBuildFile; fileRef = 0B6E69E32D1986A0009C4696 /* QuestionView.swift */; };
/* End PBXBuildFile section */

/* Begin PBXFileReference section */
		0B6E69A32D193879009C4696 /* YoungFit.app */ = {isa = PBXFileReference; explicitFileType = wrapper.application; includeInIndex = 0; path = YoungFit.app; sourceTree = BUILT_PRODUCTS_DIR; };
		0B6E69B42D19388F009C4696 /* Preview Assets.xcassets */ = {isa = PBXFileReference; lastKnownFileType = folder.assetcatalog; path = "Preview Assets.xcassets"; sourceTree = "<group>"; };
		0B6E69B62D19388F009C4696 /* Assets.xcassets */ = {isa = PBXFileReference; lastKnownFileType = folder.assetcatalog; path = Assets.xcassets; sourceTree = "<group>"; };
		0B6E69B72D19388F009C4696 /* ContentView.swift */ = {isa = PBXFileReference; lastKnownFileType = sourcecode.swift; path = ContentView.swift; sourceTree = "<group>"; };
		0B6E69B82D19388F009C4696 /* YoungFitApp.swift */ = {isa = PBXFileReference; lastKnownFileType = sourcecode.swift; path = YoungFitApp.swift; sourceTree = "<group>"; };
		0B6E69C12D1938AA009C4696 /* Model.swift */ = {isa = PBXFileReference; lastKnownFileType = sourcecode.swift; path = Model.swift; sourceTree = "<group>"; };
		0B6E69C32D193907009C4696 /* Sample.swift */ = {isa = PBXFileReference; lastKnownFileType = sourcecode.swift; path = Sample.swift; sourceTree = "<group>"; };
		0B6E69C52D193A29009C4696 /* AlbumRow.swift */ = {isa = PBXFileReference; lastKnownFileType = sourcecode.swift; path = AlbumRow.swift; sourceTree = "<group>"; };
		0B6E69C72D193C11009C4696 /* AlbumListView.swift */ = {isa = PBXFileReference; lastKnownFileType = sourcecode.swift; path = AlbumListView.swift; sourceTree = "<group>"; };
		0B6E69C92D193ED3009C4696 /* SentenceListView.swift */ = {isa = PBXFileReference; lastKnownFileType = sourcecode.swift; path = SentenceListView.swift; sourceTree = "<group>"; };
		0B6E69CB2D193EDA009C4696 /* SentenceRow.swift */ = {isa = PBXFileReference; lastKnownFileType = sourcecode.swift; path = SentenceRow.swift; sourceTree = "<group>"; };
		0B6E69D22D194D55009C4696 /* AudioPlayerManager.swift */ = {isa = PBXFileReference; lastKnownFileType = sourcecode.swift; path = AudioPlayerManager.swift; sourceTree = "<group>"; };
		0B6E69D52D194FB7009C4696 /* CardView.swift */ = {isa = PBXFileReference; lastKnownFileType = sourcecode.swift; path = CardView.swift; sourceTree = "<group>"; };
		0B6E69D72D1953B5009C4696 /* CardButton.swift */ = {isa = PBXFileReference; lastKnownFileType = sourcecode.swift; path = CardButton.swift; sourceTree = "<group>"; };
		0B6E69D92D195ABF009C4696 /* SentenceCardView.swift */ = {isa = PBXFileReference; lastKnownFileType = sourcecode.swift; path = SentenceCardView.swift; sourceTree = "<group>"; };
		0B6E69DB2D196252009C4696 /* ViewModel.swift */ = {isa = PBXFileReference; lastKnownFileType = sourcecode.swift; path = ViewModel.swift; sourceTree = "<group>"; };
		0B6E69DD2D1962C9009C4696 /* Config.xcconfig */ = {isa = PBXFileReference; lastKnownFileType = text.xcconfig; path = Config.xcconfig; sourceTree = "<group>"; };
		0B6E69DF2D19630E009C4696 /* Info.plist */ = {isa = PBXFileReference; lastKnownFileType = text.plist; path = Info.plist; sourceTree = "<group>"; };
		0B6E69E12D19751E009C4696 /* QuestionCard.swift */ = {isa = PBXFileReference; lastKnownFileType = sourcecode.swift; path = QuestionCard.swift; sourceTree = "<group>"; };
		0B6E69E32D1986A0009C4696 /* QuestionView.swift */ = {isa = PBXFileReference; lastKnownFileType = sourcecode.swift; path = QuestionView.swift; sourceTree = "<group>"; };
/* End PBXFileReference section */

/* Begin PBXFrameworksBuildPhase section */
		0B6E69A02D193879009C4696 /* Frameworks */ = {
			isa = PBXFrameworksBuildPhase;
			buildActionMask = 2147483647;
			files = (
				0B6E69D12D194692009C4696 /* Alamofire in Frameworks */,
			);
			runOnlyForDeploymentPostprocessing = 0;
		};
/* End PBXFrameworksBuildPhase section */

/* Begin PBXGroup section */
		0B6E699A2D193879009C4696 = {
			isa = PBXGroup;
			children = (
				0B6E69B92D19388F009C4696 /* YoungFit */,
				0B6E69A42D193879009C4696 /* Products */,
			);
			sourceTree = "<group>";
		};
		0B6E69A42D193879009C4696 /* Products */ = {
			isa = PBXGroup;
			children = (
				0B6E69A32D193879009C4696 /* YoungFit.app */,
			);
			name = Products;
			sourceTree = "<group>";
		};
		0B6E69B52D19388F009C4696 /* Preview Content */ = {
			isa = PBXGroup;
			children = (
				0B6E69B42D19388F009C4696 /* Preview Assets.xcassets */,
			);
			path = "Preview Content";
			sourceTree = "<group>";
		};
		0B6E69B92D19388F009C4696 /* YoungFit */ = {
			isa = PBXGroup;
			children = (
				0B6E69DF2D19630E009C4696 /* Info.plist */,
				0B6E69C02D1938A2009C4696 /* Model */,
				0B6E69BF2D19389B009C4696 /* ViewModels */,
				0B6E69BE2D193894009C4696 /* Views */,
				0B6E69B52D19388F009C4696 /* Preview Content */,
				0B6E69B62D19388F009C4696 /* Assets.xcassets */,
				0B6E69B72D19388F009C4696 /* ContentView.swift */,
				0B6E69B82D19388F009C4696 /* YoungFitApp.swift */,
				0B6E69D22D194D55009C4696 /* AudioPlayerManager.swift */,
				0B6E69DD2D1962C9009C4696 /* Config.xcconfig */,
			);
			path = YoungFit;
			sourceTree = "<group>";
		};
		0B6E69BE2D193894009C4696 /* Views */ = {
			isa = PBXGroup;
			children = (
				0B6E69E02D19747C009C4696 /* LevelTestView */,
				0B6E69D42D194FA9009C4696 /* CardView */,
				0B6E69CE2D193EED009C4696 /* SentenceView */,
				0B6E69CD2D193EE1009C4696 /* AlbumView */,
			);
			path = Views;
			sourceTree = "<group>";
		};
		0B6E69BF2D19389B009C4696 /* ViewModels */ = {
			isa = PBXGroup;
			children = (
				0B6E69DB2D196252009C4696 /* ViewModel.swift */,
			);
			path = ViewModels;
			sourceTree = "<group>";
		};
		0B6E69C02D1938A2009C4696 /* Model */ = {
			isa = PBXGroup;
			children = (
				0B6E69C12D1938AA009C4696 /* Model.swift */,
				0B6E69C32D193907009C4696 /* Sample.swift */,
			);
			path = Model;
			sourceTree = "<group>";
		};
		0B6E69CD2D193EE1009C4696 /* AlbumView */ = {
			isa = PBXGroup;
			children = (
				0B6E69C72D193C11009C4696 /* AlbumListView.swift */,
				0B6E69C52D193A29009C4696 /* AlbumRow.swift */,
			);
			path = AlbumView;
			sourceTree = "<group>";
		};
		0B6E69CE2D193EED009C4696 /* SentenceView */ = {
			isa = PBXGroup;
			children = (
				0B6E69CB2D193EDA009C4696 /* SentenceRow.swift */,
				0B6E69C92D193ED3009C4696 /* SentenceListView.swift */,
				0B6E69D92D195ABF009C4696 /* SentenceCardView.swift */,
			);
			path = SentenceView;
			sourceTree = "<group>";
		};
		0B6E69D42D194FA9009C4696 /* CardView */ = {
			isa = PBXGroup;
			children = (
				0B6E69D52D194FB7009C4696 /* CardView.swift */,
				0B6E69D72D1953B5009C4696 /* CardButton.swift */,
			);
			path = CardView;
			sourceTree = "<group>";
		};
		0B6E69E02D19747C009C4696 /* LevelTestView */ = {
			isa = PBXGroup;
			children = (
				0B6E69E12D19751E009C4696 /* QuestionCard.swift */,
				0B6E69E32D1986A0009C4696 /* QuestionView.swift */,
			);
			path = LevelTestView;
			sourceTree = "<group>";
		};
/* End PBXGroup section */

/* Begin PBXNativeTarget section */
		0B6E69A22D193879009C4696 /* YoungFit */ = {
			isa = PBXNativeTarget;
			buildConfigurationList = 0B6E69B12D19387A009C4696 /* Build configuration list for PBXNativeTarget "YoungFit" */;
			buildPhases = (
				0B6E699F2D193879009C4696 /* Sources */,
				0B6E69A02D193879009C4696 /* Frameworks */,
				0B6E69A12D193879009C4696 /* Resources */,
			);
			buildRules = (
			);
			dependencies = (
			);
			name = YoungFit;
			packageProductDependencies = (
				0B6E69D02D194692009C4696 /* Alamofire */,
			);
			productName = YoungFit;
			productReference = 0B6E69A32D193879009C4696 /* YoungFit.app */;
			productType = "com.apple.product-type.application";
		};
/* End PBXNativeTarget section */

/* Begin PBXProject section */
		0B6E699B2D193879009C4696 /* Project object */ = {
			isa = PBXProject;
			attributes = {
				BuildIndependentTargetsInParallel = 1;
				LastSwiftUpdateCheck = 1600;
				LastUpgradeCheck = 1600;
				TargetAttributes = {
					0B6E69A22D193879009C4696 = {
						CreatedOnToolsVersion = 16.0;
					};
				};
			};
			buildConfigurationList = 0B6E699E2D193879009C4696 /* Build configuration list for PBXProject "YoungFit" */;
			developmentRegion = en;
			hasScannedForEncodings = 0;
			knownRegions = (
				en,
				Base,
			);
			mainGroup = 0B6E699A2D193879009C4696;
			minimizedProjectReferenceProxies = 1;
			packageReferences = (
				0B6E69CF2D194692009C4696 /* XCRemoteSwiftPackageReference "Alamofire" */,
			);
			preferredProjectObjectVersion = 77;
			productRefGroup = 0B6E69A42D193879009C4696 /* Products */;
			projectDirPath = "";
			projectRoot = "";
			targets = (
				0B6E69A22D193879009C4696 /* YoungFit */,
			);
		};
/* End PBXProject section */

/* Begin PBXResourcesBuildPhase section */
		0B6E69A12D193879009C4696 /* Resources */ = {
			isa = PBXResourcesBuildPhase;
			buildActionMask = 2147483647;
			files = (
				0B6E69BA2D19388F009C4696 /* Preview Assets.xcassets in Resources */,
				0B6E69DE2D1962C9009C4696 /* Config.xcconfig in Resources */,
				0B6E69BB2D19388F009C4696 /* Assets.xcassets in Resources */,
			);
			runOnlyForDeploymentPostprocessing = 0;
		};
/* End PBXResourcesBuildPhase section */

/* Begin PBXSourcesBuildPhase section */
		0B6E699F2D193879009C4696 /* Sources */ = {
			isa = PBXSourcesBuildPhase;
			buildActionMask = 2147483647;
			files = (
				0B6E69CA2D193ED3009C4696 /* SentenceListView.swift in Sources */,
				0B6E69CC2D193EDA009C4696 /* SentenceRow.swift in Sources */,
				0B6E69C22D1938AA009C4696 /* Model.swift in Sources */,
				0B6E69C42D193907009C4696 /* Sample.swift in Sources */,
				0B6E69D62D194FB7009C4696 /* CardView.swift in Sources */,
				0B6E69C82D193C11009C4696 /* AlbumListView.swift in Sources */,
				0B6E69DC2D196252009C4696 /* ViewModel.swift in Sources */,
				0B6E69C62D193A29009C4696 /* AlbumRow.swift in Sources */,
				0B6E69DA2D195ABF009C4696 /* SentenceCardView.swift in Sources */,
				0B6E69D82D1953B5009C4696 /* CardButton.swift in Sources */,
				0B6E69E42D1986A0009C4696 /* QuestionView.swift in Sources */,
				0B6E69E22D19751E009C4696 /* QuestionCard.swift in Sources */,
				0B6E69BC2D19388F009C4696 /* ContentView.swift in Sources */,
				0B6E69D32D194D55009C4696 /* AudioPlayerManager.swift in Sources */,
				0B6E69BD2D19388F009C4696 /* YoungFitApp.swift in Sources */,
			);
			runOnlyForDeploymentPostprocessing = 0;
		};
/* End PBXSourcesBuildPhase section */

/* Begin XCBuildConfiguration section */
		0B6E69AF2D19387A009C4696 /* Debug */ = {
			isa = XCBuildConfiguration;
			baseConfigurationReference = 0B6E69DD2D1962C9009C4696 /* Config.xcconfig */;
			buildSettings = {
				ALWAYS_SEARCH_USER_PATHS = NO;
				ASSETCATALOG_COMPILER_GENERATE_SWIFT_ASSET_SYMBOL_EXTENSIONS = YES;
				CLANG_ANALYZER_NONNULL = YES;
				CLANG_ANALYZER_NUMBER_OBJECT_CONVERSION = YES_AGGRESSIVE;
				CLANG_CXX_LANGUAGE_STANDARD = "gnu++20";
				CLANG_ENABLE_MODULES = YES;
				CLANG_ENABLE_OBJC_ARC = YES;
				CLANG_ENABLE_OBJC_WEAK = YES;
				CLANG_WARN_BLOCK_CAPTURE_AUTORELEASING = YES;
				CLANG_WARN_BOOL_CONVERSION = YES;
				CLANG_WARN_COMMA = YES;
				CLANG_WARN_CONSTANT_CONVERSION = YES;
				CLANG_WARN_DEPRECATED_OBJC_IMPLEMENTATIONS = YES;
				CLANG_WARN_DIRECT_OBJC_ISA_USAGE = YES_ERROR;
				CLANG_WARN_DOCUMENTATION_COMMENTS = YES;
				CLANG_WARN_EMPTY_BODY = YES;
				CLANG_WARN_ENUM_CONVERSION = YES;
				CLANG_WARN_INFINITE_RECURSION = YES;
				CLANG_WARN_INT_CONVERSION = YES;
				CLANG_WARN_NON_LITERAL_NULL_CONVERSION = YES;
				CLANG_WARN_OBJC_IMPLICIT_RETAIN_SELF = YES;
				CLANG_WARN_OBJC_LITERAL_CONVERSION = YES;
				CLANG_WARN_OBJC_ROOT_CLASS = YES_ERROR;
				CLANG_WARN_QUOTED_INCLUDE_IN_FRAMEWORK_HEADER = YES;
				CLANG_WARN_RANGE_LOOP_ANALYSIS = YES;
				CLANG_WARN_STRICT_PROTOTYPES = YES;
				CLANG_WARN_SUSPICIOUS_MOVE = YES;
				CLANG_WARN_UNGUARDED_AVAILABILITY = YES_AGGRESSIVE;
				CLANG_WARN_UNREACHABLE_CODE = YES;
				CLANG_WARN__DUPLICATE_METHOD_MATCH = YES;
				COPY_PHASE_STRIP = NO;
				DEBUG_INFORMATION_FORMAT = dwarf;
				ENABLE_STRICT_OBJC_MSGSEND = YES;
				ENABLE_TESTABILITY = YES;
				ENABLE_USER_SCRIPT_SANDBOXING = YES;
				GCC_C_LANGUAGE_STANDARD = gnu17;
				GCC_DYNAMIC_NO_PIC = NO;
				GCC_NO_COMMON_BLOCKS = YES;
				GCC_OPTIMIZATION_LEVEL = 0;
				GCC_PREPROCESSOR_DEFINITIONS = (
					"DEBUG=1",
					"$(inherited)",
				);
				GCC_WARN_64_TO_32_BIT_CONVERSION = YES;
				GCC_WARN_ABOUT_RETURN_TYPE = YES_ERROR;
				GCC_WARN_UNDECLARED_SELECTOR = YES;
				GCC_WARN_UNINITIALIZED_AUTOS = YES_AGGRESSIVE;
				GCC_WARN_UNUSED_FUNCTION = YES;
				GCC_WARN_UNUSED_VARIABLE = YES;
				IPHONEOS_DEPLOYMENT_TARGET = 18.0;
				LOCALIZATION_PREFERS_STRING_CATALOGS = YES;
				MTL_ENABLE_DEBUG_INFO = INCLUDE_SOURCE;
				MTL_FAST_MATH = YES;
				ONLY_ACTIVE_ARCH = YES;
				SDKROOT = iphoneos;
				SWIFT_ACTIVE_COMPILATION_CONDITIONS = "DEBUG $(inherited)";
				SWIFT_OPTIMIZATION_LEVEL = "-Onone";
			};
			name = Debug;
		};
		0B6E69B02D19387A009C4696 /* Release */ = {
			isa = XCBuildConfiguration;
			baseConfigurationReference = 0B6E69DD2D1962C9009C4696 /* Config.xcconfig */;
			buildSettings = {
				ALWAYS_SEARCH_USER_PATHS = NO;
				ASSETCATALOG_COMPILER_GENERATE_SWIFT_ASSET_SYMBOL_EXTENSIONS = YES;
				CLANG_ANALYZER_NONNULL = YES;
				CLANG_ANALYZER_NUMBER_OBJECT_CONVERSION = YES_AGGRESSIVE;
				CLANG_CXX_LANGUAGE_STANDARD = "gnu++20";
				CLANG_ENABLE_MODULES = YES;
				CLANG_ENABLE_OBJC_ARC = YES;
				CLANG_ENABLE_OBJC_WEAK = YES;
				CLANG_WARN_BLOCK_CAPTURE_AUTORELEASING = YES;
				CLANG_WARN_BOOL_CONVERSION = YES;
				CLANG_WARN_COMMA = YES;
				CLANG_WARN_CONSTANT_CONVERSION = YES;
				CLANG_WARN_DEPRECATED_OBJC_IMPLEMENTATIONS = YES;
				CLANG_WARN_DIRECT_OBJC_ISA_USAGE = YES_ERROR;
				CLANG_WARN_DOCUMENTATION_COMMENTS = YES;
				CLANG_WARN_EMPTY_BODY = YES;
				CLANG_WARN_ENUM_CONVERSION = YES;
				CLANG_WARN_INFINITE_RECURSION = YES;
				CLANG_WARN_INT_CONVERSION = YES;
				CLANG_WARN_NON_LITERAL_NULL_CONVERSION = YES;
				CLANG_WARN_OBJC_IMPLICIT_RETAIN_SELF = YES;
				CLANG_WARN_OBJC_LITERAL_CONVERSION = YES;
				CLANG_WARN_OBJC_ROOT_CLASS = YES_ERROR;
				CLANG_WARN_QUOTED_INCLUDE_IN_FRAMEWORK_HEADER = YES;
				CLANG_WARN_RANGE_LOOP_ANALYSIS = YES;
				CLANG_WARN_STRICT_PROTOTYPES = YES;
				CLANG_WARN_SUSPICIOUS_MOVE = YES;
				CLANG_WARN_UNGUARDED_AVAILABILITY = YES_AGGRESSIVE;
				CLANG_WARN_UNREACHABLE_CODE = YES;
				CLANG_WARN__DUPLICATE_METHOD_MATCH = YES;
				COPY_PHASE_STRIP = NO;
				DEBUG_INFORMATION_FORMAT = "dwarf-with-dsym";
				ENABLE_NS_ASSERTIONS = NO;
				ENABLE_STRICT_OBJC_MSGSEND = YES;
				ENABLE_USER_SCRIPT_SANDBOXING = YES;
				GCC_C_LANGUAGE_STANDARD = gnu17;
				GCC_NO_COMMON_BLOCKS = YES;
				GCC_WARN_64_TO_32_BIT_CONVERSION = YES;
				GCC_WARN_ABOUT_RETURN_TYPE = YES_ERROR;
				GCC_WARN_UNDECLARED_SELECTOR = YES;
				GCC_WARN_UNINITIALIZED_AUTOS = YES_AGGRESSIVE;
				GCC_WARN_UNUSED_FUNCTION = YES;
				GCC_WARN_UNUSED_VARIABLE = YES;
				IPHONEOS_DEPLOYMENT_TARGET = 18.0;
				LOCALIZATION_PREFERS_STRING_CATALOGS = YES;
				MTL_ENABLE_DEBUG_INFO = NO;
				MTL_FAST_MATH = YES;
				SDKROOT = iphoneos;
				SWIFT_COMPILATION_MODE = wholemodule;
				VALIDATE_PRODUCT = YES;
			};
			name = Release;
		};
		0B6E69B22D19387A009C4696 /* Debug */ = {
			isa = XCBuildConfiguration;
			buildSettings = {
				ASSETCATALOG_COMPILER_APPICON_NAME = AppIcon;
				ASSETCATALOG_COMPILER_GLOBAL_ACCENT_COLOR_NAME = AccentColor;
				CODE_SIGN_STYLE = Automatic;
				CURRENT_PROJECT_VERSION = 1;
				DEVELOPMENT_ASSET_PATHS = "\"YoungFit/Preview Content\"";
				DEVELOPMENT_TEAM = 849LDYRK53;
				ENABLE_PREVIEWS = YES;
				GENERATE_INFOPLIST_FILE = YES;
				INFOPLIST_FILE = YoungFit/Info.plist;
				INFOPLIST_KEY_LSApplicationCategoryType = "";
				INFOPLIST_KEY_UIApplicationSceneManifest_Generation = YES;
				INFOPLIST_KEY_UIApplicationSupportsIndirectInputEvents = YES;
				INFOPLIST_KEY_UILaunchScreen_Generation = YES;
				INFOPLIST_KEY_UISupportedInterfaceOrientations_iPad = "UIInterfaceOrientationPortrait UIInterfaceOrientationPortraitUpsideDown UIInterfaceOrientationLandscapeLeft UIInterfaceOrientationLandscapeRight";
				INFOPLIST_KEY_UISupportedInterfaceOrientations_iPhone = "UIInterfaceOrientationPortrait UIInterfaceOrientationLandscapeLeft UIInterfaceOrientationLandscapeRight";
				LD_RUNPATH_SEARCH_PATHS = (
					"$(inherited)",
					"@executable_path/Frameworks",
				);
				MARKETING_VERSION = 1.0;
				PRODUCT_BUNDLE_IDENTIFIER = com.jhshin.YoungFit;
				PRODUCT_NAME = "$(TARGET_NAME)";
				SWIFT_EMIT_LOC_STRINGS = YES;
				SWIFT_VERSION = 5.0;
				TARGETED_DEVICE_FAMILY = "1,2";
			};
			name = Debug;
		};
		0B6E69B32D19387A009C4696 /* Release */ = {
			isa = XCBuildConfiguration;
			buildSettings = {
				ASSETCATALOG_COMPILER_APPICON_NAME = AppIcon;
				ASSETCATALOG_COMPILER_GLOBAL_ACCENT_COLOR_NAME = AccentColor;
				CODE_SIGN_STYLE = Automatic;
				CURRENT_PROJECT_VERSION = 1;
				DEVELOPMENT_ASSET_PATHS = "\"YoungFit/Preview Content\"";
				DEVELOPMENT_TEAM = 849LDYRK53;
				ENABLE_PREVIEWS = YES;
				GENERATE_INFOPLIST_FILE = YES;
				INFOPLIST_FILE = YoungFit/Info.plist;
				INFOPLIST_KEY_LSApplicationCategoryType = "";
				INFOPLIST_KEY_UIApplicationSceneManifest_Generation = YES;
				INFOPLIST_KEY_UIApplicationSupportsIndirectInputEvents = YES;
				INFOPLIST_KEY_UILaunchScreen_Generation = YES;
				INFOPLIST_KEY_UISupportedInterfaceOrientations_iPad = "UIInterfaceOrientationPortrait UIInterfaceOrientationPortraitUpsideDown UIInterfaceOrientationLandscapeLeft UIInterfaceOrientationLandscapeRight";
				INFOPLIST_KEY_UISupportedInterfaceOrientations_iPhone = "UIInterfaceOrientationPortrait UIInterfaceOrientationLandscapeLeft UIInterfaceOrientationLandscapeRight";
				LD_RUNPATH_SEARCH_PATHS = (
					"$(inherited)",
					"@executable_path/Frameworks",
				);
				MARKETING_VERSION = 1.0;
				PRODUCT_BUNDLE_IDENTIFIER = com.jhshin.YoungFit;
				PRODUCT_NAME = "$(TARGET_NAME)";
				SWIFT_EMIT_LOC_STRINGS = YES;
				SWIFT_VERSION = 5.0;
				TARGETED_DEVICE_FAMILY = "1,2";
			};
			name = Release;
		};
/* End XCBuildConfiguration section */

/* Begin XCConfigurationList section */
		0B6E699E2D193879009C4696 /* Build configuration list for PBXProject "YoungFit" */ = {
			isa = XCConfigurationList;
			buildConfigurations = (
				0B6E69AF2D19387A009C4696 /* Debug */,
				0B6E69B02D19387A009C4696 /* Release */,
			);
			defaultConfigurationIsVisible = 0;
			defaultConfigurationName = Release;
		};
		0B6E69B12D19387A009C4696 /* Build configuration list for PBXNativeTarget "YoungFit" */ = {
			isa = XCConfigurationList;
			buildConfigurations = (
				0B6E69B22D19387A009C4696 /* Debug */,
				0B6E69B32D19387A009C4696 /* Release */,
			);
			defaultConfigurationIsVisible = 0;
			defaultConfigurationName = Release;
		};
/* End XCConfigurationList section */

/* Begin XCRemoteSwiftPackageReference section */
		0B6E69CF2D194692009C4696 /* XCRemoteSwiftPackageReference "Alamofire" */ = {
			isa = XCRemoteSwiftPackageReference;
			repositoryURL = "https://github.com/Alamofire/Alamofire.git";
			requirement = {
				kind = upToNextMajorVersion;
				minimumVersion = 5.10.2;
			};
		};
/* End XCRemoteSwiftPackageReference section */

/* Begin XCSwiftPackageProductDependency section */
		0B6E69D02D194692009C4696 /* Alamofire */ = {
			isa = XCSwiftPackageProductDependency;
			package = 0B6E69CF2D194692009C4696 /* XCRemoteSwiftPackageReference "Alamofire" */;
			productName = Alamofire;
		};
/* End XCSwiftPackageProductDependency section */
	};
	rootObject = 0B6E699B2D193879009C4696 /* Project object */;
}
